
Microsoft Visual Studio Solution File, Format Version 12.00
# Visual Studio 15
VisualStudioVersion = 15.0.28010.0
MinimumVisualStudioVersion = 10.0.40219.1
Project("{FAE04EC0-301F-11D3-BF4B-00C04F79EFBC}") = "geometry-core-cs", "geometry-core-cs\geometry-core-cs.csproj", "{B0CD2EA3-9DED-45B7-A025-F5A7A8E8C541}"
EndProject
Global
	GlobalSection(SolutionConfigurationPlatforms) = preSolution
		Debug|Any CPU = Debug|Any CPU
		Release|Any CPU = Release|Any CPU
	EndGlobalSection
	GlobalSection(ProjectConfigurationPlatforms) = postSolution
		{B0CD2EA3-9DED-45B7-A025-F5A7A8E8C541}.Debug|Any CPU.ActiveCfg = Debug|Any CPU
		{B0CD2EA3-9DED-45B7-A025-F5A7A8E8C541}.Debug|Any CPU.Build.0 = Debug|Any CPU
		{B0CD2EA3-9DED-45B7-A025-F5A7A8E8C541}.Release|Any CPU.ActiveCfg = Release|Any CPU
		{B0CD2EA3-9DED-45B7-A025-F5A7A8E8C541}.Release|Any CPU.Build.0 = Release|Any CPU
	EndGlobalSection
	GlobalSection(SolutionProperties) = preSolution
		HideSolutionNode = FALSE
	EndGlobalSection
	GlobalSection(ExtensibilityGlobals) = postSolution
		SolutionGuid = {E4397518-5626-47E0-AC2C-07AC38349CBA}
	EndGlobalSection
EndGlobal
